// !$*UTF8*$!
{
	archiveVersion = 1;
	classes = {
	};
	objectVersion = 46;
	objects = {

/* Begin PBXBuildFile section */
		354A534815037C7B0025FDE4 /* Cocoa.framework in Frameworks */ = {isa = PBXBuildFile; fileRef = 354A534715037C7B0025FDE4 /* Cocoa.framework */; };
		354A535215037C7B0025FDE4 /* InfoPlist.strings in Resources */ = {isa = PBXBuildFile; fileRef = 354A535015037C7B0025FDE4 /* InfoPlist.strings */; };
		354A535415037C7B0025FDE4 /* main.m in Sources */ = {isa = PBXBuildFile; fileRef = 354A535315037C7B0025FDE4 /* main.m */; };
		354A535815037C7B0025FDE4 /* Credits.rtf in Resources */ = {isa = PBXBuildFile; fileRef = 354A535615037C7B0025FDE4 /* Credits.rtf */; };
		354A535B15037C7B0025FDE4 /* FXAppDelegate.m in Sources */ = {isa = PBXBuildFile; fileRef = 354A535A15037C7B0025FDE4 /* FXAppDelegate.m */; };
		354A535E15037C7B0025FDE4 /* MainMenu.xib in Resources */ = {isa = PBXBuildFile; fileRef = 354A535C15037C7B0025FDE4 /* MainMenu.xib */; };
		354A536815037CC40025FDE4 /* FXSearchWindowController.m in Sources */ = {isa = PBXBuildFile; fileRef = 354A536615037CC40025FDE4 /* FXSearchWindowController.m */; };
		354A536915037CC40025FDE4 /* FXSearchWindowController.xib in Resources */ = {isa = PBXBuildFile; fileRef = 354A536715037CC40025FDE4 /* FXSearchWindowController.xib */; };
		354A536E1503818D0025FDE4 /* FXSearchBarViewController.m in Sources */ = {isa = PBXBuildFile; fileRef = 354A536C1503818D0025FDE4 /* FXSearchBarViewController.m */; };
		354A536F1503818D0025FDE4 /* FXSearchBarViewController.xib in Resources */ = {isa = PBXBuildFile; fileRef = 354A536D1503818D0025FDE4 /* FXSearchBarViewController.xib */; };
		354A53721503888C0025FDE4 /* FXSearchWindow.m in Sources */ = {isa = PBXBuildFile; fileRef = 354A53711503888C0025FDE4 /* FXSearchWindow.m */; };
		354A537415038D850025FDE4 /* woodpattern.png in Resources */ = {isa = PBXBuildFile; fileRef = 354A537315038D850025FDE4 /* woodpattern.png */; };
		354A53781503944E0025FDE4 /* FXSearchWindowContentView.m in Sources */ = {isa = PBXBuildFile; fileRef = 354A53771503944E0025FDE4 /* FXSearchWindowContentView.m */; };
/* End PBXBuildFile section */

/* Begin PBXFileReference section */
		354A534315037C7B0025FDE4 /* Saturn V.app */ = {isa = PBXFileReference; explicitFileType = wrapper.application; includeInIndex = 0; path = "Saturn V.app"; sourceTree = BUILT_PRODUCTS_DIR; };
		354A534715037C7B0025FDE4 /* Cocoa.framework */ = {isa = PBXFileReference; lastKnownFileType = wrapper.framework; name = Cocoa.framework; path = System/Library/Frameworks/Cocoa.framework; sourceTree = SDKROOT; };
		354A534A15037C7B0025FDE4 /* AppKit.framework */ = {isa = PBXFileReference; lastKnownFileType = wrapper.framework; name = AppKit.framework; path = System/Library/Frameworks/AppKit.framework; sourceTree = SDKROOT; };
		354A534B15037C7B0025FDE4 /* CoreData.framework */ = {isa = PBXFileReference; lastKnownFileType = wrapper.framework; name = CoreData.framework; path = System/Library/Frameworks/CoreData.framework; sourceTree = SDKROOT; };
		354A534C15037C7B0025FDE4 /* Foundation.framework */ = {isa = PBXFileReference; lastKnownFileType = wrapper.framework; name = Foundation.framework; path = System/Library/Frameworks/Foundation.framework; sourceTree = SDKROOT; };
		354A534F15037C7B0025FDE4 /* Saturn V-Info.plist */ = {isa = PBXFileReference; lastKnownFileType = text.plist.xml; path = "Saturn V-Info.plist"; sourceTree = "<group>"; };
		354A535115037C7B0025FDE4 /* en */ = {isa = PBXFileReference; lastKnownFileType = text.plist.strings; name = en; path = en.lproj/InfoPlist.strings; sourceTree = "<group>"; };
		354A535315037C7B0025FDE4 /* main.m */ = {isa = PBXFileReference; lastKnownFileType = sourcecode.c.objc; path = main.m; sourceTree = "<group>"; };
		354A535515037C7B0025FDE4 /* Saturn V-Prefix.pch */ = {isa = PBXFileReference; lastKnownFileType = sourcecode.c.h; path = "Saturn V-Prefix.pch"; sourceTree = "<group>"; };
		354A535715037C7B0025FDE4 /* en */ = {isa = PBXFileReference; lastKnownFileType = text.rtf; name = en; path = en.lproj/Credits.rtf; sourceTree = "<group>"; };
		354A535915037C7B0025FDE4 /* FXAppDelegate.h */ = {isa = PBXFileReference; lastKnownFileType = sourcecode.c.h; path = FXAppDelegate.h; sourceTree = "<group>"; };
		354A535A15037C7B0025FDE4 /* FXAppDelegate.m */ = {isa = PBXFileReference; lastKnownFileType = sourcecode.c.objc; path = FXAppDelegate.m; sourceTree = "<group>"; };
		354A535D15037C7B0025FDE4 /* en */ = {isa = PBXFileReference; lastKnownFileType = file.xib; name = en; path = en.lproj/MainMenu.xib; sourceTree = "<group>"; };
		354A536515037CC40025FDE4 /* FXSearchWindowController.h */ = {isa = PBXFileReference; fileEncoding = 4; lastKnownFileType = sourcecode.c.h; path = FXSearchWindowController.h; sourceTree = "<group>"; };
		354A536615037CC40025FDE4 /* FXSearchWindowController.m */ = {isa = PBXFileReference; fileEncoding = 4; lastKnownFileType = sourcecode.c.objc; path = FXSearchWindowController.m; sourceTree = "<group>"; };
		354A536715037CC40025FDE4 /* FXSearchWindowController.xib */ = {isa = PBXFileReference; fileEncoding = 4; lastKnownFileType = file.xib; path = FXSearchWindowController.xib; sourceTree = "<group>"; };
		354A536B1503818D0025FDE4 /* FXSearchBarViewController.h */ = {isa = PBXFileReference; fileEncoding = 4; lastKnownFileType = sourcecode.c.h; path = FXSearchBarViewController.h; sourceTree = "<group>"; };
		354A536C1503818D0025FDE4 /* FXSearchBarViewController.m */ = {isa = PBXFileReference; fileEncoding = 4; lastKnownFileType = sourcecode.c.objc; path = FXSearchBarViewController.m; sourceTree = "<group>"; };
		354A536D1503818D0025FDE4 /* FXSearchBarViewController.xib */ = {isa = PBXFileReference; fileEncoding = 4; lastKnownFileType = file.xib; path = FXSearchBarViewController.xib; sourceTree = "<group>"; };
		354A53701503888C0025FDE4 /* FXSearchWindow.h */ = {isa = PBXFileReference; fileEncoding = 4; lastKnownFileType = sourcecode.c.h; path = FXSearchWindow.h; sourceTree = "<group>"; };
		354A53711503888C0025FDE4 /* FXSearchWindow.m */ = {isa = PBXFileReference; fileEncoding = 4; lastKnownFileType = sourcecode.c.objc; path = FXSearchWindow.m; sourceTree = "<group>"; };
		354A537315038D850025FDE4 /* woodpattern.png */ = {isa = PBXFileReference; lastKnownFileType = image.png; path = woodpattern.png; sourceTree = "<group>"; };
		354A53761503944E0025FDE4 /* FXSearchWindowContentView.h */ = {isa = PBXFileReference; fileEncoding = 4; lastKnownFileType = sourcecode.c.h; path = FXSearchWindowContentView.h; sourceTree = "<group>"; };
		354A53771503944E0025FDE4 /* FXSearchWindowContentView.m */ = {isa = PBXFileReference; fileEncoding = 4; lastKnownFileType = sourcecode.c.objc; path = FXSearchWindowContentView.m; sourceTree = "<group>"; };
/* End PBXFileReference section */

/* Begin PBXFrameworksBuildPhase section */
		354A534015037C7B0025FDE4 /* Frameworks */ = {
			isa = PBXFrameworksBuildPhase;
			buildActionMask = 2147483647;
			files = (
				354A534815037C7B0025FDE4 /* Cocoa.framework in Frameworks */,
			);
			runOnlyForDeploymentPostprocessing = 0;
		};
/* End PBXFrameworksBuildPhase section */

/* Begin PBXGroup section */
		354A533815037C7B0025FDE4 = {
			isa = PBXGroup;
			children = (
				354A534D15037C7B0025FDE4 /* Saturn V */,
				354A534615037C7B0025FDE4 /* Frameworks */,
				354A534415037C7B0025FDE4 /* Products */,
			);
			sourceTree = "<group>";
		};
		354A534415037C7B0025FDE4 /* Products */ = {
			isa = PBXGroup;
			children = (
				354A534315037C7B0025FDE4 /* Saturn V.app */,
			);
			name = Products;
			sourceTree = "<group>";
		};
		354A534615037C7B0025FDE4 /* Frameworks */ = {
			isa = PBXGroup;
			children = (
				354A534715037C7B0025FDE4 /* Cocoa.framework */,
				354A534915037C7B0025FDE4 /* Other Frameworks */,
			);
			name = Frameworks;
			sourceTree = "<group>";
		};
		354A534915037C7B0025FDE4 /* Other Frameworks */ = {
			isa = PBXGroup;
			children = (
				354A534A15037C7B0025FDE4 /* AppKit.framework */,
				354A534B15037C7B0025FDE4 /* CoreData.framework */,
				354A534C15037C7B0025FDE4 /* Foundation.framework */,
			);
			name = "Other Frameworks";
			sourceTree = "<group>";
		};
		354A534D15037C7B0025FDE4 /* Saturn V */ = {
			isa = PBXGroup;
			children = (
				354A536415037C990025FDE4 /* Search Window */,
				354A535915037C7B0025FDE4 /* FXAppDelegate.h */,
				354A535A15037C7B0025FDE4 /* FXAppDelegate.m */,
				354A535C15037C7B0025FDE4 /* MainMenu.xib */,
				354A534E15037C7B0025FDE4 /* Supporting Files */,
			);
			path = "Saturn V";
			sourceTree = "<group>";
		};
		354A534E15037C7B0025FDE4 /* Supporting Files */ = {
			isa = PBXGroup;
			children = (
				354A537315038D850025FDE4 /* woodpattern.png */,
				354A534F15037C7B0025FDE4 /* Saturn V-Info.plist */,
				354A535015037C7B0025FDE4 /* InfoPlist.strings */,
				354A535315037C7B0025FDE4 /* main.m */,
				354A535515037C7B0025FDE4 /* Saturn V-Prefix.pch */,
				354A535615037C7B0025FDE4 /* Credits.rtf */,
			);
			name = "Supporting Files";
			sourceTree = "<group>";
		};
		354A536415037C990025FDE4 /* Search Window */ = {
			isa = PBXGroup;
			children = (
				354A536A150381370025FDE4 /* Search Bar View */,
				354A536515037CC40025FDE4 /* FXSearchWindowController.h */,
				354A536615037CC40025FDE4 /* FXSearchWindowController.m */,
				354A536715037CC40025FDE4 /* FXSearchWindowController.xib */,
				354A53701503888C0025FDE4 /* FXSearchWindow.h */,
				354A53711503888C0025FDE4 /* FXSearchWindow.m */,
				354A53761503944E0025FDE4 /* FXSearchWindowContentView.h */,
				354A53771503944E0025FDE4 /* FXSearchWindowContentView.m */,
			);
			name = "Search Window";
			sourceTree = "<group>";
		};
		354A536A150381370025FDE4 /* Search Bar View */ = {
			isa = PBXGroup;
			children = (
				354A536B1503818D0025FDE4 /* FXSearchBarViewController.h */,
				354A536C1503818D0025FDE4 /* FXSearchBarViewController.m */,
				354A536D1503818D0025FDE4 /* FXSearchBarViewController.xib */,
			);
			name = "Search Bar View";
			sourceTree = "<group>";
		};
/* End PBXGroup section */

/* Begin PBXNativeTarget section */
		354A534215037C7B0025FDE4 /* Saturn V */ = {
			isa = PBXNativeTarget;
			buildConfigurationList = 354A536115037C7B0025FDE4 /* Build configuration list for PBXNativeTarget "Saturn V" */;
			buildPhases = (
				354A533F15037C7B0025FDE4 /* Sources */,
				354A534015037C7B0025FDE4 /* Frameworks */,
				354A534115037C7B0025FDE4 /* Resources */,
			);
			buildRules = (
			);
			dependencies = (
			);
			name = "Saturn V";
			productName = "Saturn V";
			productReference = 354A534315037C7B0025FDE4 /* Saturn V.app */;
			productType = "com.apple.product-type.application";
		};
/* End PBXNativeTarget section */

/* Begin PBXProject section */
		354A533A15037C7B0025FDE4 /* Project object */ = {
			isa = PBXProject;
			attributes = {
				CLASSPREFIX = FX;
				LastUpgradeCheck = 0430;
				ORGANIZATIONNAME = Clawfield;
			};
			buildConfigurationList = 354A533D15037C7B0025FDE4 /* Build configuration list for PBXProject "Saturn V" */;
			compatibilityVersion = "Xcode 3.2";
			developmentRegion = English;
			hasScannedForEncodings = 0;
			knownRegions = (
				en,
			);
			mainGroup = 354A533815037C7B0025FDE4;
			productRefGroup = 354A534415037C7B0025FDE4 /* Products */;
			projectDirPath = "";
			projectRoot = "";
			targets = (
				354A534215037C7B0025FDE4 /* Saturn V */,
			);
		};
/* End PBXProject section */

/* Begin PBXResourcesBuildPhase section */
		354A534115037C7B0025FDE4 /* Resources */ = {
			isa = PBXResourcesBuildPhase;
			buildActionMask = 2147483647;
			files = (
				354A535215037C7B0025FDE4 /* InfoPlist.strings in Resources */,
				354A535815037C7B0025FDE4 /* Credits.rtf in Resources */,
				354A535E15037C7B0025FDE4 /* MainMenu.xib in Resources */,
				354A536915037CC40025FDE4 /* FXSearchWindowController.xib in Resources */,
				354A536F1503818D0025FDE4 /* FXSearchBarViewController.xib in Resources */,
				354A537415038D850025FDE4 /* woodpattern.png in Resources */,
			);
			runOnlyForDeploymentPostprocessing = 0;
		};
/* End PBXResourcesBuildPhase section */

/* Begin PBXSourcesBuildPhase section */
		354A533F15037C7B0025FDE4 /* Sources */ = {
			isa = PBXSourcesBuildPhase;
			buildActionMask = 2147483647;
			files = (
				354A535415037C7B0025FDE4 /* main.m in Sources */,
				354A535B15037C7B0025FDE4 /* FXAppDelegate.m in Sources */,
				354A536815037CC40025FDE4 /* FXSearchWindowController.m in Sources */,
				354A536E1503818D0025FDE4 /* FXSearchBarViewController.m in Sources */,
				354A53721503888C0025FDE4 /* FXSearchWindow.m in Sources */,
				354A53781503944E0025FDE4 /* FXSearchWindowContentView.m in Sources */,
			);
			runOnlyForDeploymentPostprocessing = 0;
		};
/* End PBXSourcesBuildPhase section */

/* Begin PBXVariantGroup section */
		354A535015037C7B0025FDE4 /* InfoPlist.strings */ = {
			isa = PBXVariantGroup;
			children = (
				354A535115037C7B0025FDE4 /* en */,
			);
			name = InfoPlist.strings;
			sourceTree = "<group>";
		};
		354A535615037C7B0025FDE4 /* Credits.rtf */ = {
			isa = PBXVariantGroup;
			children = (
				354A535715037C7B0025FDE4 /* en */,
			);
			name = Credits.rtf;
			sourceTree = "<group>";
		};
		354A535C15037C7B0025FDE4 /* MainMenu.xib */ = {
			isa = PBXVariantGroup;
			children = (
				354A535D15037C7B0025FDE4 /* en */,
			);
			name = MainMenu.xib;
			sourceTree = "<group>";
		};
/* End PBXVariantGroup section */

/* Begin XCBuildConfiguration section */
		354A535F15037C7B0025FDE4 /* Debug */ = {
			isa = XCBuildConfiguration;
			buildSettings = {
				ALWAYS_SEARCH_USER_PATHS = NO;
				ARCHS = "$(ARCHS_STANDARD_64_BIT)";
				CLANG_ENABLE_OBJC_ARC = YES;
				COPY_PHASE_STRIP = NO;
				GCC_C_LANGUAGE_STANDARD = gnu99;
				GCC_DYNAMIC_NO_PIC = NO;
				GCC_ENABLE_OBJC_EXCEPTIONS = YES;
				GCC_OPTIMIZATION_LEVEL = 0;
				GCC_PREPROCESSOR_DEFINITIONS = (
					"DEBUG=1",
					"$(inherited)",
				);
				GCC_SYMBOLS_PRIVATE_EXTERN = NO;
				GCC_VERSION = com.apple.compilers.llvm.clang.1_0;
				GCC_WARN_64_TO_32_BIT_CONVERSION = YES;
				GCC_WARN_ABOUT_RETURN_TYPE = YES;
				GCC_WARN_UNINITIALIZED_AUTOS = YES;
				GCC_WARN_UNUSED_VARIABLE = YES;
				MACOSX_DEPLOYMENT_TARGET = 10.7;
				ONLY_ACTIVE_ARCH = YES;
				SDKROOT = macosx;
			};
			name = Debug;
		};
		354A536015037C7B0025FDE4 /* Release */ = {
			isa = XCBuildConfiguration;
			buildSettings = {
				ALWAYS_SEARCH_USER_PATHS = NO;
				ARCHS = "$(ARCHS_STANDARD_64_BIT)";
				CLANG_ENABLE_OBJC_ARC = YES;
				COPY_PHASE_STRIP = YES;
				DEBUG_INFORMATION_FORMAT = "dwarf-with-dsym";
				GCC_C_LANGUAGE_STANDARD = gnu99;
				GCC_ENABLE_OBJC_EXCEPTIONS = YES;
				GCC_VERSION = com.apple.compilers.llvm.clang.1_0;
				GCC_WARN_64_TO_32_BIT_CONVERSION = YES;
				GCC_WARN_ABOUT_RETURN_TYPE = YES;
				GCC_WARN_UNINITIALIZED_AUTOS = YES;
				GCC_WARN_UNUSED_VARIABLE = YES;
				MACOSX_DEPLOYMENT_TARGET = 10.7;
				SDKROOT = macosx;
			};
			name = Release;
		};
		354A536215037C7B0025FDE4 /* Debug */ = {
			isa = XCBuildConfiguration;
			buildSettings = {
				GCC_PRECOMPILE_PREFIX_HEADER = YES;
				GCC_PREFIX_HEADER = "Saturn V/Saturn V-Prefix.pch";
				INFOPLIST_FILE = "Saturn V/Saturn V-Info.plist";
				PRODUCT_NAME = "$(TARGET_NAME)";
				WRAPPER_EXTENSION = app;
			};
			name = Debug;
		};
		354A536315037C7B0025FDE4 /* Release */ = {
			isa = XCBuildConfiguration;
			buildSettings = {
				GCC_PRECOMPILE_PREFIX_HEADER = YES;
				GCC_PREFIX_HEADER = "Saturn V/Saturn V-Prefix.pch";
				INFOPLIST_FILE = "Saturn V/Saturn V-Info.plist";
				PRODUCT_NAME = "$(TARGET_NAME)";
				WRAPPER_EXTENSION = app;
			};
			name = Release;
		};
/* End XCBuildConfiguration section */

/* Begin XCConfigurationList section */
		354A533D15037C7B0025FDE4 /* Build configuration list for PBXProject "Saturn V" */ = {
			isa = XCConfigurationList;
			buildConfigurations = (
				354A535F15037C7B0025FDE4 /* Debug */,
				354A536015037C7B0025FDE4 /* Release */,
			);
			defaultConfigurationIsVisible = 0;
			defaultConfigurationName = Release;
		};
		354A536115037C7B0025FDE4 /* Build configuration list for PBXNativeTarget "Saturn V" */ = {
			isa = XCConfigurationList;
			buildConfigurations = (
				354A536215037C7B0025FDE4 /* Debug */,
				354A536315037C7B0025FDE4 /* Release */,
			);
			defaultConfigurationIsVisible = 0;
		};
/* End XCConfigurationList section */
	};
	rootObject = 354A533A15037C7B0025FDE4 /* Project object */;
}
